// !$*UTF8*$!
{
	archiveVersion = 1;
	classes = {
	};
	objectVersion = 56;
	objects = {

/* Begin PBXBuildFile section */
		841077012FF6BF3900E8AC69 /* TokenManager.swift in Sources */ = {isa = PBXBuildFile; fileRef = 841076FF2FF6BF3900E8AC69 /* TokenManager.swift */; };
		841077022FF6BF3900E8AC69 /* ChatView.swift in Sources */ = {isa = PBXBuildFile; fileRef = 841077002FF6BF3900E8AC69 /* ChatView.swift */; };
		AA1077032FF6BF3900E8AC69 /* ScoraApp.swift in Sources */ = {isa = PBXBuildFile; fileRef = AA1077012FF6BF3900E8AC69 /* ScoraApp.swift */; };
		AA1077042FF6BF3900E8AC69 /* ContentView.swift in Sources */ = {isa = PBXBuildFile; fileRef = AA1077022FF6BF3900E8AC69 /* ContentView.swift */; };
		8496DF112FF6B90900A67915 /* Assets.xcassets in Resources */ = {isa = PBXBuildFile; fileRef = 8496DF102FF6B90900A67915 /* Assets.xcassets */; };
		8496DF142FF6B90900A67915 /* Preview Assets.xcassets in Resources */ = {isa = PBXBuildFile; fileRef = 8496DF132FF6B90900A67915 /* Preview Assets.xcassets */; };
		8496DF1E2FF6B90A00A67915 /* ScoraTests.swift in Sources */ = {isa = PBXBuildFile; fileRef = 8496DF1D2FF6B90A00A67915 /* ScoraTests.swift */; };
		8496DF282FF6B90A00A67915 /* ScoraUITests.swift in Sources */ = {isa = PBXBuildFile; fileRef = 8496DF272FF6B90A00A67915 /* ScoraUITests.swift */; };
		8496DF2A2FF6B90A00A67915 /* ScoraUITestsLaunchTests.swift in Sources */ = {isa = PBXBuildFile; fileRef = 8496DF292FF6B90A00A67915 /* ScoraUITestsLaunchTests.swift */; };
/* End PBXBuildFile section */

/* Begin PBXContainerItemProxy section */
		8496DF1A2FF6B90A00A67915 /* PBXContainerItemProxy */ = {
			isa = PBXContainerItemProxy;
			containerPortal = 8496DF012FF6B90500A67915 /* Project object */;
			proxyType = 1;
			remoteGlobalIDString = 8496DF082FF6B90500A67915;
			remoteInfo = Scora;
		};
		8496DF242FF6B90A00A67915 /* PBXContainerItemProxy */ = {
			isa = PBXContainerItemProxy;
			containerPortal = 8496DF012FF6B90500A67915 /* Project object */;
			proxyType = 1;
			remoteGlobalIDString = 8496DF082FF6B90500A67915;
			remoteInfo = Scora;
		};
/* End PBXContainerItemProxy section */

/* Begin PBXFileReference section */
		841076FF2FF6BF3900E8AC69 /* TokenManager.swift */ = {isa = PBXFileReference; fileEncoding = 4; lastKnownFileType = sourcecode.swift; path = TokenManager.swift; sourceTree = "<group>"; };
		841077002FF6BF3900E8AC69 /* ChatView.swift */ = {isa = PBXFileReference; fileEncoding = 4; lastKnownFileType = sourcecode.swift; path = ChatView.swift; sourceTree = "<group>"; };
		AA1077012FF6BF3900E8AC69 /* ScoraApp.swift */ = {isa = PBXFileReference; fileEncoding = 4; lastKnownFileType = sourcecode.swift; path = ScoraApp.swift; sourceTree = "<group>"; };
		AA1077022FF6BF3900E8AC69 /* ContentView.swift */ = {isa = PBXFileReference; fileEncoding = 4; lastKnownFileType = sourcecode.swift; path = ContentView.swift; sourceTree = "<group>"; };
		8496DF092FF6B90500A67915 /* Scora.app */ = {isa = PBXFileReference; explicitFileType = wrapper.application; includeInIndex = 0; path = Scora.app; sourceTree = BUILT_PRODUCTS_DIR; };
		8496DF102FF6B90900A67915 /* Assets.xcassets */ = {isa = PBXFileReference; lastKnownFileType = folder.assetcatalog; path = Assets.xcassets; sourceTree = "<group>"; };
		8496DF132FF6B90900A67915 /* Preview Assets.xcassets */ = {isa = PBXFileReference; lastKnownFileType = folder.assetcatalog; path = "Preview Assets.xcassets"; sourceTree = "<group>"; };
		8496DF192FF6B90A00A67915 /* ScoraTests.xctest */ = {isa = PBXFileReference; explicitFileType = wrapper.cfbundle; includeInIndex = 0; path = ScoraTests.xctest; sourceTree = BUILT_PRODUCTS_DIR; };
		8496DF1D2FF6B90A00A67915 /* ScoraTests.swift */ = {isa = PBXFileReference; lastKnownFileType = sourcecode.swift; path = ScoraTests.swift; sourceTree = "<group>"; };
		8496DF232FF6B90A00A67915 /* ScoraUITests.xctest */ = {isa = PBXFileReference; explicitFileType = wrapper.cfbundle; includeInIndex = 0; path = ScoraUITests.xctest; sourceTree = BUILT_PRODUCTS_DIR; };
		8496DF272FF6B90A00A67915 /* ScoraUITests.swift */ = {isa = PBXFileReference; lastKnownFileType = sourcecode.swift; path = ScoraUITests.swift; sourceTree = "<group>"; };
		8496DF292FF6B90A00A67915 /* ScoraUITestsLaunchTests.swift */ = {isa = PBXFileReference; lastKnownFileType = sourcecode.swift; path = ScoraUITestsLaunchTests.swift; sourceTree = "<group>"; };
/* End PBXFileReference section */

/* Begin PBXFrameworksBuildPhase section */
		8496DF062FF6B90500A67915 /* Frameworks */ = {
			isa = PBXFrameworksBuildPhase;
			buildActionMask = 2147483647;
			files = (
			);
			runOnlyForDeploymentPostprocessing = 0;
		};
		8496DF162FF6B90A00A67915 /* Frameworks */ = {
			isa = PBXFrameworksBuildPhase;
			buildActionMask = 2147483647;
			files = (
			);
			runOnlyForDeploymentPostprocessing = 0;
		};
		8496DF202FF6B90A00A67915 /* Frameworks */ = {
			isa = PBXFrameworksBuildPhase;
			buildActionMask = 2147483647;
			files = (
			);
			runOnlyForDeploymentPostprocessing = 0;
		};
/* End PBXFrameworksBuildPhase section */

/* Begin PBXGroup section */
		8496DF002FF6B90500A67915 = {
			isa = PBXGroup;
			children = (
				8496DF0B2FF6B90500A67915 /* Scora */,
				8496DF1C2FF6B90A00A67915 /* ScoraTests */,
				8496DF262FF6B90A00A67915 /* ScoraUITests */,
				8496DF0A2FF6B90500A67915 /* Products */,
			);
			sourceTree = "<group>";
		};
		8496DF0A2FF6B90500A67915 /* Products */ = {
			isa = PBXGroup;
			children = (
				8496DF092FF6B90500A67915 /* Scora.app */,
				8496DF192FF6B90A00A67915 /* ScoraTests.xctest */,
				8496DF232FF6B90A00A67915 /* ScoraUITests.xctest */,
			);
			name = Products;
			sourceTree = "<group>";
		};
		8496DF0B2FF6B90500A67915 /* Scora */ = {
			isa = PBXGroup;
			children = (
				AA1077012FF6BF3900E8AC69 /* ScoraApp.swift */,
				AA1077022FF6BF3900E8AC69 /* ContentView.swift */,
				841077002FF6BF3900E8AC69 /* ChatView.swift */,
				841076FF2FF6BF3900E8AC69 /* TokenManager.swift */,
				8496DF102FF6B90900A67915 /* Assets.xcassets */,
				8496DF122FF6B90900A67915 /* Preview Content */,
			);
			path = Scora;
			sourceTree = "<group>";
		};
		8496DF122FF6B90900A67915 /* Preview Content */ = {
			isa = PBXGroup;
			children = (
				8496DF132FF6B90900A67915 /* Preview Assets.xcassets */,
			);
			path = "Preview Content";
			sourceTree = "<group>";
		};
		8496DF1C2FF6B90A00A67915 /* ScoraTests */ = {
			isa = PBXGroup;
			children = (
				8496DF1D2FF6B90A00A67915 /* ScoraTests.swift */,
			);
			path = ScoraTests;
			sourceTree = "<group>";
		};
		8496DF262FF6B90A00A67915 /* ScoraUITests */ = {
			isa = PBXGroup;
			children = (
				8496DF272FF6B90A00A67915 /* ScoraUITests.swift */,
				8496DF292FF6B90A00A67915 /* ScoraUITestsLaunchTests.swift */,
			);
			path = ScoraUITests;
			sourceTree = "<group>";
		};
/* End PBXGroup section */

/* Begin PBXNativeTarget section */
		8496DF082FF6B90500A67915 /* Scora */ = {
			isa = PBXNativeTarget;
			buildConfigurationList = 8496DF2D2FF6B90A00A67915 /* Build configuration list for PBXNativeTarget "Scora" */;
			buildPhases = (
				8496DF052FF6B90500A67915 /* Sources */,
				8496DF062FF6B90500A67915 /* Frameworks */,
				8496DF072FF6B90500A67915 /* Resources */,
			);
			buildRules = (
			);
			dependencies = (
			);
			name = Scora;
			productName = Scora;
			productReference = 8496DF092FF6B90500A67915 /* Scora.app */;
			productType = "com.apple.product-type.application";
		};
		8496DF182FF6B90A00A67915 /* ScoraTests */ = {
			isa = PBXNativeTarget;
			buildConfigurationList = 8496DF302FF6B90A00A67915 /* Build configuration list for PBXNativeTarget "ScoraTests" */;
			buildPhases = (
				8496DF152FF6B90A00A67915 /* Sources */,
				8496DF162FF6B90A00A67915 /* Frameworks */,
				8496DF172FF6B90A00A67915 /* Resources */,
			);
			buildRules = (
			);
			dependencies = (
				8496DF1B2FF6B90A00A67915 /* PBXTargetDependency */,
			);
			name = ScoraTests;
			productName = ScoraTests;
			productReference = 8496DF192FF6B90A00A67915 /* ScoraTests.xctest */;
			productType = "com.apple.product-type.bundle.unit-test";
		};
		8496DF222FF6B90A00A67915 /* ScoraUITests */ = {
			isa = PBXNativeTarget;
			buildConfigurationList = 8496DF332FF6B90A00A67915 /* Build configuration list for PBXNativeTarget "ScoraUITests" */;
			buildPhases = (
				8496DF1F2FF6B90A00A67915 /* Sources */,
				8496DF202FF6B90A00A67915 /* Frameworks */,
				8496DF212FF6B90A00A67915 /* Resources */,
			);
			buildRules = (
			);
			dependencies = (
				8496DF252FF6B90A00A67915 /* PBXTargetDependency */,
			);
			name = ScoraUITests;
			productName = ScoraUITests;
			productReference = 8496DF232FF6B90A00A67915 /* ScoraUITests.xctest */;
			productType = "com.apple.product-type.bundle.ui-testing";
		};
/* End PBXNativeTarget section */

/* Begin PBXProject section */
		8496DF012FF6B90500A67915 /* Project object */ = {
			isa = PBXProject;
			attributes = {
				BuildIndependentTargetsInParallel = 1;
				LastSwiftUpdateCheck = 1540;
				LastUpgradeCheck = 1540;
				TargetAttributes = {
					8496DF082FF6B90500A67915 = {
						CreatedOnToolsVersion = 15.4;
					};
					8496DF182FF6B90A00A67915 = {
						CreatedOnToolsVersion = 15.4;
						TestTargetID = 8496DF082FF6B90500A67915;
					};
					8496DF222FF6B90A00A67915 = {
						CreatedOnToolsVersion = 15.4;
						TestTargetID = 8496DF082FF6B90500A67915;
					};
				};
			};
			buildConfigurationList = 8496DF042FF6B90500A67915 /* Build configuration list for PBXProject "Scora" */;
			compatibilityVersion = "Xcode 14.0";
			developmentRegion = en;
			hasScannedForEncodings = 0;
			knownRegions = (
				en,
				Base,
			);
			mainGroup = 8496DF002FF6B90500A67915;
			productRefGroup = 8496DF0A2FF6B90500A67915 /* Products */;
			projectDirPath = "";
			projectRoot = "";
			targets = (
				8496DF082FF6B90500A67915 /* Scora */,
				8496DF182FF6B90A00A67915 /* ScoraTests */,
				8496DF222FF6B90A00A67915 /* ScoraUITests */,
			);
		};
/* End PBXProject section */

/* Begin PBXResourcesBuildPhase section */
		8496DF072FF6B90500A67915 /* Resources */ = {
			isa = PBXResourcesBuildPhase;
			buildActionMask = 2147483647;
			files = (
				8496DF142FF6B90900A67915 /* Preview Assets.xcassets in Resources */,
				8496DF112FF6B90900A67915 /* Assets.xcassets in Resources */,
			);
			runOnlyForDeploymentPostprocessing = 0;
		};
		8496DF172FF6B90A00A67915 /* Resources */ = {
			isa = PBXResourcesBuildPhase;
			buildActionMask = 2147483647;
			files = (
			);
			runOnlyForDeploymentPostprocessing = 0;
		};
		8496DF212FF6B90A00A67915 /* Resources */ = {
			isa = PBXResourcesBuildPhase;
			buildActionMask = 2147483647;
			files = (
			);
			runOnlyForDeploymentPostprocessing = 0;
		};
/* End PBXResourcesBuildPhase section */

/* Begin PBXSourcesBuildPhase section */
		8496DF052FF6B90500A67915 /* Sources */ = {
			isa = PBXSourcesBuildPhase;
			buildActionMask = 2147483647;
			files = (
				AA1077032FF6BF3900E8AC69 /* ScoraApp.swift in Sources */,
				AA1077042FF6BF3900E8AC69 /* ContentView.swift in Sources */,
				841077022FF6BF3900E8AC69 /* ChatView.swift in Sources */,
				841077012FF6BF3900E8AC69 /* TokenManager.swift in Sources */,
			);
			runOnlyForDeploymentPostprocessing = 0;
		};
		8496DF152FF6B90A00A67915 /* Sources */ = {
			isa = PBXSourcesBuildPhase;
			buildActionMask = 2147483647;
			files = (
				8496DF1E2FF6B90A00A67915 /* ScoraTests.swift in Sources */,
			);
			runOnlyForDeploymentPostprocessing = 0;
		};
		8496DF1F2FF6B90A00A67915 /* Sources */ = {
			isa = PBXSourcesBuildPhase;
			buildActionMask = 2147483647;
			files = (
				8496DF282FF6B90A00A67915 /* ScoraUITests.swift in Sources */,
				8496DF2A2FF6B90A00A67915 /* ScoraUITestsLaunchTests.swift in Sources */,
			);
			runOnlyForDeploymentPostprocessing = 0;
		};
/* End PBXSourcesBuildPhase section */

/* Begin PBXTargetDependency section */
		8496DF1B2FF6B90A00A67915 /* PBXTargetDependency */ = {
			isa = PBXTargetDependency;
			target = 8496DF082FF6B90500A67915 /* Scora */;
			targetProxy = 8496DF1A2FF6B90A00A67915 /* PBXContainerItemProxy */;
		};
		8496DF252FF6B90A00A67915 /* PBXTargetDependency */ = {
			isa = PBXTargetDependency;
			target = 8496DF082FF6B90500A67915 /* Scora */;
			targetProxy = 8496DF242FF6B90A00A67915 /* PBXContainerItemProxy */;
		};
/* End PBXTargetDependency section */

/* Begin XCBuildConfiguration section */
		8496DF2B2FF6B90A00A67915 /* Debug */ = {
			isa = XCBuildConfiguration;
			buildSettings = {
				ALWAYS_SEARCH_USER_PATHS = NO;
				ASSETCATALOG_COMPILER_GENERATE_SWIFT_ASSET_SYMBOL_EXTENSIONS = YES;
				CLANG_ANALYZER_NONNULL = YES;
				CLANG_ANALYZER_NUMBER_OBJECT_CONVERSION = YES_AGGRESSIVE;
				CLANG_CXX_LANGUAGE_STANDARD = "gnu++20";
				CLANG_ENABLE_MODULES = YES;
				CLANG_ENABLE_OBJC_ARC = YES;
				CLANG_ENABLE_OBJC_WEAK = YES;
				CLANG_WARN_BLOCK_CAPTURE_AUTORELEASING = YES;
				CLANG_WARN_BOOL_CONVERSION = YES;
				CLANG_WARN_COMMA = YES;
				CLANG_WARN_CONSTANT_CONVERSION = YES;
				CLANG_WARN_DEPRECATED_OBJC_IMPLEMENTATIONS = YES;
				CLANG_WARN_DIRECT_OBJC_ISA_USAGE = YES_ERROR;
				CLANG_WARN_DOCUMENTATION_COMMENTS = YES;
				CLANG_WARN_EMPTY_BODY = YES;
				CLANG_WARN_ENUM_CONVERSION = YES;
				CLANG_WARN_INFINITE_RECURSION = YES;
				CLANG_WARN_INT_CONVERSION = YES;
				CLANG_WARN_NON_LITERAL_NULL_CONVERSION = YES;
				CLANG_WARN_OBJC_IMPLICIT_RETAIN_SELF = YES;
				CLANG_WARN_OBJC_LITERAL_CONVERSION = YES;
				CLANG_WARN_OBJC_ROOT_CLASS = YES_ERROR;
				CLANG_WARN_QUOTED_INCLUDE_IN_FRAMEWORK_HEADER = YES;
				CLANG_WARN_RANGE_LOOP_ANALYSIS = YES;
				CLANG_WARN_STRICT_PROTOTYPES = YES;
				CLANG_WARN_SUSPICIOUS_MOVE = YES;
				CLANG_WARN_UNGUARDED_AVAILABILITY = YES_AGGRESSIVE;
				CLANG_WARN_UNREACHABLE_CODE = YES;
				CLANG_WARN__DUPLICATE_METHOD_MATCH = YES;
				COPY_PHASE_STRIP = NO;
				DEBUG_INFORMATION_FORMAT = dwarf;
				ENABLE_STRICT_OBJC_MSGSEND = YES;
				ENABLE_TESTABILITY = YES;
				ENABLE_USER_SCRIPT_SANDBOXING = YES;
				GCC_C_LANGUAGE_STANDARD = gnu17;
				GCC_DYNAMIC_NO_PIC = NO;
				GCC_NO_COMMON_BLOCKS = YES;
				GCC_OPTIMIZATION_LEVEL = 0;
				GCC_PREPROCESSOR_DEFINITIONS = (
					"DEBUG=1",
					"$(inherited)",
				);
				GCC_WARN_64_TO_32_BIT_CONVERSION = YES;
				GCC_WARN_ABOUT_RETURN_TYPE = YES_ERROR;
				GCC_WARN_UNDECLARED_SELECTOR = YES;
				GCC_WARN_UNINITIALIZED_AUTOS = YES_AGGRESSIVE;
				GCC_WARN_UNUSED_FUNCTION = YES;
				GCC_WARN_UNUSED_VARIABLE = YES;
				IPHONEOS_DEPLOYMENT_TARGET = 17.5;
				LOCALIZATION_PREFERS_STRING_CATALOGS = YES;
				MTL_ENABLE_DEBUG_INFO = INCLUDE_SOURCE;
				MTL_FAST_MATH = YES;
				ONLY_ACTIVE_ARCH = YES;
				SDKROOT = iphoneos;
				SWIFT_ACTIVE_COMPILATION_CONDITIONS = "DEBUG $(inherited)";
				SWIFT_OPTIMIZATION_LEVEL = "-Onone";
			};
			name = Debug;
		};
		8496DF2C2FF6B90A00A67915 /* Release */ = {
			isa = XCBuildConfiguration;
			buildSettings = {
				ALWAYS_SEARCH_USER_PATHS = NO;
				ASSETCATALOG_COMPILER_GENERATE_SWIFT_ASSET_SYMBOL_EXTENSIONS = YES;
				CLANG_ANALYZER_NONNULL = YES;
				CLANG_ANALYZER_NUMBER_OBJECT_CONVERSION = YES_AGGRESSIVE;
				CLANG_CXX_LANGUAGE_STANDARD = "gnu++20";
				CLANG_ENABLE_MODULES = YES;
				CLANG_ENABLE_OBJC_ARC = YES;
				CLANG_ENABLE_OBJC_WEAK = YES;
				CLANG_WARN_BLOCK_CAPTURE_AUTORELEASING = YES;
				CLANG_WARN_BOOL_CONVERSION = YES;
				CLANG_WARN_COMMA = YES;
				CLANG_WARN_CONSTANT_CONVERSION = YES;
				CLANG_WARN_DEPRECATED_OBJC_IMPLEMENTATIONS = YES;
				CLANG_WARN_DIRECT_OBJC_ISA_USAGE = YES_ERROR;
				CLANG_WARN_DOCUMENTATION_COMMENTS = YES;
				CLANG_WARN_EMPTY_BODY = YES;
				CLANG_WARN_ENUM_CONVERSION = YES;
				CLANG_WARN_INFINITE_RECURSION = YES;
				CLANG_WARN_INT_CONVERSION = YES;
				CLANG_WARN_NON_LITERAL_NULL_CONVERSION = YES;
				CLANG_WARN_OBJC_IMPLICIT_RETAIN_SELF = YES;
				CLANG_WARN_OBJC_LITERAL_CONVERSION = YES;
				CLANG_WARN_OBJC_ROOT_CLASS = YES_ERROR;
				CLANG_WARN_QUOTED_INCLUDE_IN_FRAMEWORK_HEADER = YES;
				CLANG_WARN_RANGE_LOOP_ANALYSIS = YES;
				CLANG_WARN_STRICT_PROTOTYPES = YES;
				CLANG_WARN_SUSPICIOUS_MOVE = YES;
				CLANG_WARN_UNGUARDED_AVAILABILITY = YES_AGGRESSIVE;
				CLANG_WARN_UNREACHABLE_CODE = YES;
				CLANG_WARN__DUPLICATE_METHOD_MATCH = YES;
				COPY_PHASE_STRIP = NO;
				DEBUG_INFORMATION_FORMAT = "dwarf-with-dsym";
				ENABLE_NS_ASSERTIONS = NO;
				ENABLE_STRICT_OBJC_MSGSEND = YES;
				ENABLE_USER_SCRIPT_SANDBOXING = YES;
				GCC_C_LANGUAGE_STANDARD = gnu17;
				GCC_NO_COMMON_BLOCKS = YES;
				GCC_WARN_64_TO_32_BIT_CONVERSION = YES;
				GCC_WARN_ABOUT_RETURN_TYPE = YES_ERROR;
				GCC_WARN_UNDECLARED_SELECTOR = YES;
				GCC_WARN_UNINITIALIZED_AUTOS = YES_AGGRESSIVE;
				GCC_WARN_UNUSED_FUNCTION = YES;
				GCC_WARN_UNUSED_VARIABLE = YES;
				IPHONEOS_DEPLOYMENT_TARGET = 17.5;
				LOCALIZATION_PREFERS_STRING_CATALOGS = YES;
				MTL_ENABLE_DEBUG_INFO = NO;
				MTL_FAST_MATH = YES;
				SDKROOT = iphoneos;
				SWIFT_COMPILATION_MODE = wholemodule;
				VALIDATE_PRODUCT = YES;
			};
			name = Release;
		};
		8496DF2E2FF6B90A00A67915 /* Debug */ = {
			isa = XCBuildConfiguration;
			buildSettings = {
				ASSETCATALOG_COMPILER_APPICON_NAME = AppIcon;
				ASSETCATALOG_COMPILER_GLOBAL_ACCENT_COLOR_NAME = AccentColor;
				CODE_SIGN_STYLE = Automatic;
				CURRENT_PROJECT_VERSION = 1;
				DEVELOPMENT_ASSET_PATHS = "\"Scora/Preview Content\"";
				ENABLE_PREVIEWS = YES;
				GENERATE_INFOPLIST_FILE = NO;
				INFOPLIST_FILE = Scora/Info.plist;
				INFOPLIST_KEY_UIApplicationSceneManifest_Generation = YES;
				INFOPLIST_KEY_UIApplicationSupportsIndirectInputEvents = YES;
				INFOPLIST_KEY_UILaunchScreen_Generation = YES;
				INFOPLIST_KEY_UISupportedInterfaceOrientations_iPad = "UIInterfaceOrientationPortrait UIInterfaceOrientationPortraitUpsideDown UIInterfaceOrientationLandscapeLeft UIInterfaceOrientationLandscapeRight";
				INFOPLIST_KEY_UISupportedInterfaceOrientations_iPhone = "UIInterfaceOrientationPortrait UIInterfaceOrientationLandscapeLeft UIInterfaceOrientationLandscapeRight";
				LD_RUNPATH_SEARCH_PATHS = (
					"$(inherited)",
					"@executable_path/Frameworks",
				);
				MARKETING_VERSION = 1.0;
				PRODUCT_BUNDLE_IDENTIFIER = Scora.Scora;
				PRODUCT_NAME = "$(TARGET_NAME)";
				SWIFT_EMIT_LOC_STRINGS = YES;
				SWIFT_VERSION = 5.0;
				TARGETED_DEVICE_FAMILY = "1,2";
			};
			name = Debug;
		};
		8496DF2F2FF6B90A00A67915 /* Release */ = {
			isa = XCBuildConfiguration;
			buildSettings = {
				ASSETCATALOG_COMPILER_APPICON_NAME = AppIcon;
				ASSETCATALOG_COMPILER_GLOBAL_ACCENT_COLOR_NAME = AccentColor;
				CODE_SIGN_STYLE = Automatic;
				CURRENT_PROJECT_VERSION = 1;
				DEVELOPMENT_ASSET_PATHS = "\"Scora/Preview Content\"";
				ENABLE_PREVIEWS = YES;
				GENERATE_INFOPLIST_FILE = NO;
				INFOPLIST_FILE = Scora/Info.plist;
				INFOPLIST_KEY_UIApplicationSceneManifest_Generation = YES;
				INFOPLIST_KEY_UIApplicationSupportsIndirectInputEvents = YES;
				INFOPLIST_KEY_UILaunchScreen_Generation = YES;
				INFOPLIST_KEY_UISupportedInterfaceOrientations_iPad = "UIInterfaceOrientationPortrait UIInterfaceOrientationPortraitUpsideDown UIInterfaceOrientationLandscapeLeft UIInterfaceOrientationLandscapeRight";
				INFOPLIST_KEY_UISupportedInterfaceOrientations_iPhone = "UIInterfaceOrientationPortrait UIInterfaceOrientationLandscapeLeft UIInterfaceOrientationLandscapeRight";
				LD_RUNPATH_SEARCH_PATHS = (
					"$(inherited)",
					"@executable_path/Frameworks",
				);
				MARKETING_VERSION = 1.0;
				PRODUCT_BUNDLE_IDENTIFIER = Scora.Scora;
				PRODUCT_NAME = "$(TARGET_NAME)";
				SWIFT_EMIT_LOC_STRINGS = YES;
				SWIFT_VERSION = 5.0;
				TARGETED_DEVICE_FAMILY = "1,2";
			};
			name = Release;
		};
		8496DF312FF6B90A00A67915 /* Debug */ = {
			isa = XCBuildConfiguration;
			buildSettings = {
				ALWAYS_EMBED_SWIFT_STANDARD_LIBRARIES = YES;
				BUNDLE_LOADER = "$(TEST_HOST)";
				CODE_SIGN_STYLE = Automatic;
				CURRENT_PROJECT_VERSION = 1;
				GENERATE_INFOPLIST_FILE = YES;
				IPHONEOS_DEPLOYMENT_TARGET = 17.5;
				MARKETING_VERSION = 1.0;
				PRODUCT_BUNDLE_IDENTIFIER = Scora.ScoraTests;
				PRODUCT_NAME = "$(TARGET_NAME)";
				SWIFT_EMIT_LOC_STRINGS = NO;
				SWIFT_VERSION = 5.0;
				TARGETED_DEVICE_FAMILY = "1,2";
				TEST_HOST = "$(BUILT_PRODUCTS_DIR)/Scora.app/$(BUNDLE_EXECUTABLE_FOLDER_PATH)/Scora";
			};
			name = Debug;
		};
		8496DF322FF6B90A00A67915 /* Release */ = {
			isa = XCBuildConfiguration;
			buildSettings = {
				ALWAYS_EMBED_SWIFT_STANDARD_LIBRARIES = YES;
				BUNDLE_LOADER = "$(TEST_HOST)";
				CODE_SIGN_STYLE = Automatic;
				CURRENT_PROJECT_VERSION = 1;
				GENERATE_INFOPLIST_FILE = YES;
				IPHONEOS_DEPLOYMENT_TARGET = 17.5;
				MARKETING_VERSION = 1.0;
				PRODUCT_BUNDLE_IDENTIFIER = Scora.ScoraTests;
				PRODUCT_NAME = "$(TARGET_NAME)";
				SWIFT_EMIT_LOC_STRINGS = NO;
				SWIFT_VERSION = 5.0;
				TARGETED_DEVICE_FAMILY = "1,2";
				TEST_HOST = "$(BUILT_PRODUCTS_DIR)/Scora.app/$(BUNDLE_EXECUTABLE_FOLDER_PATH)/Scora";
			};
			name = Release;
		};
		8496DF342FF6B90A00A67915 /* Debug */ = {
			isa = XCBuildConfiguration;
			buildSettings = {
				ALWAYS_EMBED_SWIFT_STANDARD_LIBRARIES = YES;
				CODE_SIGN_STYLE = Automatic;
				CURRENT_PROJECT_VERSION = 1;
				GENERATE_INFOPLIST_FILE = YES;
				MARKETING_VERSION = 1.0;
				PRODUCT_BUNDLE_IDENTIFIER = Scora.ScoraUITests;
				PRODUCT_NAME = "$(TARGET_NAME)";
				SWIFT_EMIT_LOC_STRINGS = NO;
				SWIFT_VERSION = 5.0;
				TARGETED_DEVICE_FAMILY = "1,2";
				TEST_TARGET_NAME = Scora;
			};
			name = Debug;
		};
		8496DF352FF6B90A00A67915 /* Release */ = {
			isa = XCBuildConfiguration;
			buildSettings = {
				ALWAYS_EMBED_SWIFT_STANDARD_LIBRARIES = YES;
				CODE_SIGN_STYLE = Automatic;
				CURRENT_PROJECT_VERSION = 1;
				GENERATE_INFOPLIST_FILE = YES;
				MARKETING_VERSION = 1.0;
				PRODUCT_BUNDLE_IDENTIFIER = Scora.ScoraUITests;
				PRODUCT_NAME = "$(TARGET_NAME)";
				SWIFT_EMIT_LOC_STRINGS = NO;
				SWIFT_VERSION = 5.0;
				TARGETED_DEVICE_FAMILY = "1,2";
				TEST_TARGET_NAME = Scora;
			};
			name = Release;
		};
/* End XCBuildConfiguration section */

/* Begin XCConfigurationList section */
		8496DF042FF6B90500A67915 /* Build configuration list for PBXProject "Scora" */ = {
			isa = XCConfigurationList;
			buildConfigurations = (
				8496DF2B2FF6B90A00A67915 /* Debug */,
				8496DF2C2FF6B90A00A67915 /* Release */,
			);
			defaultConfigurationIsVisible = 0;
			defaultConfigurationName = Release;
		};
		8496DF2D2FF6B90A00A67915 /* Build configuration list for PBXNativeTarget "Scora" */ = {
			isa = XCConfigurationList;
			buildConfigurations = (
				8496DF2E2FF6B90A00A67915 /* Debug */,
				8496DF2F2FF6B90A00A67915 /* Release */,
			);
			defaultConfigurationIsVisible = 0;
			defaultConfigurationName = Release;
		};
		8496DF302FF6B90A00A67915 /* Build configuration list for PBXNativeTarget "ScoraTests" */ = {
			isa = XCConfigurationList;
			buildConfigurations = (
				8496DF312FF6B90A00A67915 /* Debug */,
				8496DF322FF6B90A00A67915 /* Release */,
			);
			defaultConfigurationIsVisible = 0;
			defaultConfigurationName = Release;
		};
		8496DF332FF6B90A00A67915 /* Build configuration list for PBXNativeTarget "ScoraUITests" */ = {
			isa = XCConfigurationList;
			buildConfigurations = (
				8496DF342FF6B90A00A67915 /* Debug */,
				8496DF352FF6B90A00A67915 /* Release */,
			);
			defaultConfigurationIsVisible = 0;
			defaultConfigurationName = Release;
		};
/* End XCConfigurationList section */
	};
	rootObject = 8496DF012FF6B90500A67915 /* Project object */;
}
