{
  "name": "scora-monorepo",
  "version": "0.1.0",
  "lockfileVersion": 3,
  "requires": true,
  "packages": {
    "": {
      "name": "scora-monorepo",
      "version": "0.1.0",
      "devDependencies": {}
    },
    "node_modules/.pnpm/prettier@3.9.4/node_modules/prettier": {
      "version": "3.9.4",
      "extraneous": true,
      "license": "MIT",
      "bin": {
        "prettier": "bin/prettier.cjs"
      },
      "engines": {
        "node": ">=14"
      },
      "funding": {
        "url": "https://github.com/prettier/prettier?sponsor=1"
      }
    },
    "node_modules/.pnpm/turbo@2.10.1/node_modules/turbo": {
      "version": "2.10.1",
      "extraneous": true,
      "license": "MIT",
      "bin": {
        "turbo": "bin/turbo"
      },
      "optionalDependencies": {
        "@turbo/darwin-64": "2.10.1",
        "@turbo/darwin-arm64": "2.10.1",
        "@turbo/linux-64": "2.10.1",
        "@turbo/linux-arm64": "2.10.1",
        "@turbo/windows-64": "2.10.1",
        "@turbo/windows-arm64": "2.10.1"
      }
    }
  }
}
